{
  "originHash" : "fe80d800fd3546609c8e9654610353e79fda7758e5303f523f9d300219eddff7",
  "pins" : [
    {
      "identity" : "rive-ios",
      "kind" : "remoteSourceControl",
      "location" : "https://github.com/rive-app/rive-ios.git",
      "state" : {
        "revision" : "08298e976a954bc15ea95bc9cf8d8a8ffe7a9cc3",
        "version" : "6.15.2"
      }
    }
  ],
  "version" : 3
}
